
Microsoft Visual Studio Solution File, Format Version 12.00
# Visual Studio Version 17
VisualStudioVersion = 17.7.34221.43
MinimumVisualStudioVersion = 10.0.40219.1
Project("{2150E333-8FDC-42A3-9474-1A3956D46DE8}") = "Contracts", "Contracts", "{D8647035-24BF-42F1-A795-B5220FE5214A}"
EndProject
Project("{9A19103F-16F7-4668-BE54-9A1E7A4F7556}") = "PTS.Contracts", "PTS.Contracts\PTS.Contracts.csproj", "{9658AED1-A089-4A09-AF80-E521F3772FB4}"
EndProject
Project("{2150E333-8FDC-42A3-9474-1A3956D46DE8}") = "Services", "Services", "{DC98BC70-A8BE-49F1-AB93-577280155A12}"
EndProject
Project("{9A19103F-16F7-4668-BE54-9A1E7A4F7556}") = "PTS.StatisticsService", "PTS.StatisticsService\PTS.StatisticsService.csproj", "{1FFA85C1-D6E7-4D0F-A334-F79CD09FDFBB}"
EndProject
Project("{9A19103F-16F7-4668-BE54-9A1E7A4F7556}") = "PTS.TestExecutionService", "PTS.TestExecutionService\PTS.TestExecutionService.csproj", "{862396B9-F631-4066-8EAC-BD1CEAE76435}"
EndProject
Project("{9A19103F-16F7-4668-BE54-9A1E7A4F7556}") = "PTS.CodeExecutionService", "PTS.CodeExecutionService\PTS.CodeExecutionService.csproj", "{DFDE4804-2469-4942-BC64-58AA0716ACEA}"
EndProject
Project("{9A19103F-16F7-4668-BE54-9A1E7A4F7556}") = "PTS.ThemeManagerService", "PTS.ThemeManagerService\PTS.ThemeManagerService.csproj", "{A27E95AE-B074-4A16-81F9-25AA658AE38A}"
EndProject
Project("{9A19103F-16F7-4668-BE54-9A1E7A4F7556}") = "PTS.PersonRightsManagerService", "PTS.PersonRightsManagerService\PTS.PersonRightsManagerService.csproj", "{4B1E201F-D9B0-4673-BFA2-1B0CD3B50CE3}"
EndProject
Project("{9A19103F-16F7-4668-BE54-9A1E7A4F7556}") = "PTS.TestManagerService", "PTS.TestManagerService\PTS.TestManagerService.csproj", "{6C6F77B1-6AC2-42E8-BDE9-5A6C1EC18391}"
EndProject
Project("{9A19103F-16F7-4668-BE54-9A1E7A4F7556}") = "PTS.TaskManagerService", "PTS.TaskManagerService\PTS.TaskManagerService.csproj", "{8FFC78DB-A1F1-4E3E-ABE1-DA58E2B5B371}"
EndProject
Project("{FAE04EC0-301F-11D3-BF4B-00C04F79EFBC}") = "PTS.IdentityServer", "PTS.IdentityServer\PTS.IdentityServer.csproj", "{B9F50ABD-0693-4545-94AF-EA1DB5A233E3}"
EndProject
Global
	GlobalSection(SolutionConfigurationPlatforms) = preSolution
		Debug|Any CPU = Debug|Any CPU
		Release|Any CPU = Release|Any CPU
	EndGlobalSection
	GlobalSection(ProjectConfigurationPlatforms) = postSolution
		{9658AED1-A089-4A09-AF80-E521F3772FB4}.Debug|Any CPU.ActiveCfg = Debug|Any CPU
		{9658AED1-A089-4A09-AF80-E521F3772FB4}.Debug|Any CPU.Build.0 = Debug|Any CPU
		{9658AED1-A089-4A09-AF80-E521F3772FB4}.Release|Any CPU.ActiveCfg = Release|Any CPU
		{9658AED1-A089-4A09-AF80-E521F3772FB4}.Release|Any CPU.Build.0 = Release|Any CPU
		{1FFA85C1-D6E7-4D0F-A334-F79CD09FDFBB}.Debug|Any CPU.ActiveCfg = Debug|Any CPU
		{1FFA85C1-D6E7-4D0F-A334-F79CD09FDFBB}.Debug|Any CPU.Build.0 = Debug|Any CPU
		{1FFA85C1-D6E7-4D0F-A334-F79CD09FDFBB}.Release|Any CPU.ActiveCfg = Release|Any CPU
		{1FFA85C1-D6E7-4D0F-A334-F79CD09FDFBB}.Release|Any CPU.Build.0 = Release|Any CPU
		{862396B9-F631-4066-8EAC-BD1CEAE76435}.Debug|Any CPU.ActiveCfg = Debug|Any CPU
		{862396B9-F631-4066-8EAC-BD1CEAE76435}.Debug|Any CPU.Build.0 = Debug|Any CPU
		{862396B9-F631-4066-8EAC-BD1CEAE76435}.Release|Any CPU.ActiveCfg = Release|Any CPU
		{862396B9-F631-4066-8EAC-BD1CEAE76435}.Release|Any CPU.Build.0 = Release|Any CPU
		{DFDE4804-2469-4942-BC64-58AA0716ACEA}.Debug|Any CPU.ActiveCfg = Debug|Any CPU
		{DFDE4804-2469-4942-BC64-58AA0716ACEA}.Debug|Any CPU.Build.0 = Debug|Any CPU
		{DFDE4804-2469-4942-BC64-58AA0716ACEA}.Release|Any CPU.ActiveCfg = Release|Any CPU
		{DFDE4804-2469-4942-BC64-58AA0716ACEA}.Release|Any CPU.Build.0 = Release|Any CPU
		{A27E95AE-B074-4A16-81F9-25AA658AE38A}.Debug|Any CPU.ActiveCfg = Debug|Any CPU
		{A27E95AE-B074-4A16-81F9-25AA658AE38A}.Debug|Any CPU.Build.0 = Debug|Any CPU
		{A27E95AE-B074-4A16-81F9-25AA658AE38A}.Release|Any CPU.ActiveCfg = Release|Any CPU
		{A27E95AE-B074-4A16-81F9-25AA658AE38A}.Release|Any CPU.Build.0 = Release|Any CPU
		{4B1E201F-D9B0-4673-BFA2-1B0CD3B50CE3}.Debug|Any CPU.ActiveCfg = Debug|Any CPU
		{4B1E201F-D9B0-4673-BFA2-1B0CD3B50CE3}.Debug|Any CPU.Build.0 = Debug|Any CPU
		{4B1E201F-D9B0-4673-BFA2-1B0CD3B50CE3}.Release|Any CPU.ActiveCfg = Release|Any CPU
		{4B1E201F-D9B0-4673-BFA2-1B0CD3B50CE3}.Release|Any CPU.Build.0 = Release|Any CPU
		{6C6F77B1-6AC2-42E8-BDE9-5A6C1EC18391}.Debug|Any CPU.ActiveCfg = Debug|Any CPU
		{6C6F77B1-6AC2-42E8-BDE9-5A6C1EC18391}.Debug|Any CPU.Build.0 = Debug|Any CPU
		{6C6F77B1-6AC2-42E8-BDE9-5A6C1EC18391}.Release|Any CPU.ActiveCfg = Release|Any CPU
		{6C6F77B1-6AC2-42E8-BDE9-5A6C1EC18391}.Release|Any CPU.Build.0 = Release|Any CPU
		{8FFC78DB-A1F1-4E3E-ABE1-DA58E2B5B371}.Debug|Any CPU.ActiveCfg = Debug|Any CPU
		{8FFC78DB-A1F1-4E3E-ABE1-DA58E2B5B371}.Debug|Any CPU.Build.0 = Debug|Any CPU
		{8FFC78DB-A1F1-4E3E-ABE1-DA58E2B5B371}.Release|Any CPU.ActiveCfg = Release|Any CPU
		{8FFC78DB-A1F1-4E3E-ABE1-DA58E2B5B371}.Release|Any CPU.Build.0 = Release|Any CPU
		{B9F50ABD-0693-4545-94AF-EA1DB5A233E3}.Debug|Any CPU.ActiveCfg = Debug|Any CPU
		{B9F50ABD-0693-4545-94AF-EA1DB5A233E3}.Debug|Any CPU.Build.0 = Debug|Any CPU
		{B9F50ABD-0693-4545-94AF-EA1DB5A233E3}.Release|Any CPU.ActiveCfg = Release|Any CPU
		{B9F50ABD-0693-4545-94AF-EA1DB5A233E3}.Release|Any CPU.Build.0 = Release|Any CPU
	EndGlobalSection
	GlobalSection(SolutionProperties) = preSolution
		HideSolutionNode = FALSE
	EndGlobalSection
	GlobalSection(NestedProjects) = preSolution
		{9658AED1-A089-4A09-AF80-E521F3772FB4} = {D8647035-24BF-42F1-A795-B5220FE5214A}
		{1FFA85C1-D6E7-4D0F-A334-F79CD09FDFBB} = {DC98BC70-A8BE-49F1-AB93-577280155A12}
		{862396B9-F631-4066-8EAC-BD1CEAE76435} = {DC98BC70-A8BE-49F1-AB93-577280155A12}
		{DFDE4804-2469-4942-BC64-58AA0716ACEA} = {DC98BC70-A8BE-49F1-AB93-577280155A12}
		{A27E95AE-B074-4A16-81F9-25AA658AE38A} = {DC98BC70-A8BE-49F1-AB93-577280155A12}
		{4B1E201F-D9B0-4673-BFA2-1B0CD3B50CE3} = {DC98BC70-A8BE-49F1-AB93-577280155A12}
		{6C6F77B1-6AC2-42E8-BDE9-5A6C1EC18391} = {DC98BC70-A8BE-49F1-AB93-577280155A12}
		{8FFC78DB-A1F1-4E3E-ABE1-DA58E2B5B371} = {DC98BC70-A8BE-49F1-AB93-577280155A12}
		{B9F50ABD-0693-4545-94AF-EA1DB5A233E3} = {DC98BC70-A8BE-49F1-AB93-577280155A12}
	EndGlobalSection
	GlobalSection(ExtensibilityGlobals) = postSolution
		SolutionGuid = {F711CAED-9CB0-472E-9886-3159350E2CEF}
	EndGlobalSection
EndGlobal
